
Microsoft Visual Studio Solution File, Format Version 12.00
# Visual Studio Version 16
VisualStudioVersion = 16.0.30611.23
MinimumVisualStudioVersion = 10.0.40219.1
Project("{FAE04EC0-301F-11D3-BF4B-00C04F79EFBC}") = "DecoratorPattern", "DecoratorPattern\DecoratorPattern.csproj", "{D9909FBB-FE8C-4533-9FC0-C531CB0FDB8D}"
EndProject
Global
	GlobalSection(SolutionConfigurationPlatforms) = preSolution
		Debug|Any CPU = Debug|Any CPU
		Release|Any CPU = Release|Any CPU
	EndGlobalSection
	GlobalSection(ProjectConfigurationPlatforms) = postSolution
		{D9909FBB-FE8C-4533-9FC0-C531CB0FDB8D}.Debug|Any CPU.ActiveCfg = Debug|Any CPU
		{D9909FBB-FE8C-4533-9FC0-C531CB0FDB8D}.Debug|Any CPU.Build.0 = Debug|Any CPU
		{D9909FBB-FE8C-4533-9FC0-C531CB0FDB8D}.Release|Any CPU.ActiveCfg = Release|Any CPU
		{D9909FBB-FE8C-4533-9FC0-C531CB0FDB8D}.Release|Any CPU.Build.0 = Release|Any CPU
	EndGlobalSection
	GlobalSection(SolutionProperties) = preSolution
		HideSolutionNode = FALSE
	EndGlobalSection
	GlobalSection(ExtensibilityGlobals) = postSolution
		SolutionGuid = {FFF01672-AC10-4382-8D6C-E0AB3A2CC8B1}
	EndGlobalSection
EndGlobal
